
Microsoft Visual Studio Solution File, Format Version 12.00
# Visual Studio 15
VisualStudioVersion = 15.0.26228.9
MinimumVisualStudioVersion = 10.0.40219.1
Project("{FAE04EC0-301F-11D3-BF4B-00C04F79EFBC}") = "MiaAI", "MiaAI\MiaAI.csproj", "{6CE117FD-F2DF-4C57-8C5C-E526A27C56F6}"
EndProject
Project("{FAE04EC0-301F-11D3-BF4B-00C04F79EFBC}") = "Data", "Data\Data.csproj", "{D84AF32B-5DA0-4E9B-A7E6-28259B1AE16F}"
EndProject
Project("{FAE04EC0-301F-11D3-BF4B-00C04F79EFBC}") = "Store", "Store\Store.csproj", "{575AFA37-DC5C-4B03-9BDB-335B35D55765}"
EndProject
Project("{FAE04EC0-301F-11D3-BF4B-00C04F79EFBC}") = "SmartHome", "SmartHome\SmartHome.csproj", "{9682B81B-E824-4504-B974-AAE9D53CD163}"
EndProject
Project("{54435603-DBB4-11D2-8724-00A0C9A8B90C}") = "MiaAISetup_x64", "MiaAISetup_x64\MiaAISetup.vdproj", "{3AE65F50-D5A7-43C9-8793-7650E55C5D77}"
EndProject
Project("{54435603-DBB4-11D2-8724-00A0C9A8B90C}") = "MiaAISetup_x86", "MiaAISetup_x86\MiaAISetup_x86.vdproj", "{4766D9A4-EBC6-4941-8676-41A7E021C1C8}"
EndProject
Project("{2150E333-8FDC-42A3-9474-1A3956D46DE8}") = "Solution Items", "Solution Items", "{A2026B79-3384-41A7-A9AA-94C6A4725875}"
	ProjectSection(SolutionItems) = preProject
		README.md = README.md
	EndProjectSection
EndProject
Global
	GlobalSection(SolutionConfigurationPlatforms) = preSolution
		Debug|Any CPU = Debug|Any CPU
		Debug|x64 = Debug|x64
		Debug|x86 = Debug|x86
		Release|Any CPU = Release|Any CPU
		Release|x64 = Release|x64
		Release|x86 = Release|x86
	EndGlobalSection
	GlobalSection(ProjectConfigurationPlatforms) = postSolution
		{6CE117FD-F2DF-4C57-8C5C-E526A27C56F6}.Debug|Any CPU.ActiveCfg = Debug|x86
		{6CE117FD-F2DF-4C57-8C5C-E526A27C56F6}.Debug|x64.ActiveCfg = Debug|x64
		{6CE117FD-F2DF-4C57-8C5C-E526A27C56F6}.Debug|x64.Build.0 = Debug|x64
		{6CE117FD-F2DF-4C57-8C5C-E526A27C56F6}.Debug|x86.ActiveCfg = Debug|x86
		{6CE117FD-F2DF-4C57-8C5C-E526A27C56F6}.Debug|x86.Build.0 = Debug|x86
		{6CE117FD-F2DF-4C57-8C5C-E526A27C56F6}.Release|Any CPU.ActiveCfg = Release|x86
		{6CE117FD-F2DF-4C57-8C5C-E526A27C56F6}.Release|x64.ActiveCfg = Release|x64
		{6CE117FD-F2DF-4C57-8C5C-E526A27C56F6}.Release|x64.Build.0 = Release|x64
		{6CE117FD-F2DF-4C57-8C5C-E526A27C56F6}.Release|x86.ActiveCfg = Release|x86
		{6CE117FD-F2DF-4C57-8C5C-E526A27C56F6}.Release|x86.Build.0 = Release|x86
		{D84AF32B-5DA0-4E9B-A7E6-28259B1AE16F}.Debug|Any CPU.ActiveCfg = Debug|Any CPU
		{D84AF32B-5DA0-4E9B-A7E6-28259B1AE16F}.Debug|Any CPU.Build.0 = Debug|Any CPU
		{D84AF32B-5DA0-4E9B-A7E6-28259B1AE16F}.Debug|x64.ActiveCfg = Debug|Any CPU
		{D84AF32B-5DA0-4E9B-A7E6-28259B1AE16F}.Debug|x64.Build.0 = Debug|Any CPU
		{D84AF32B-5DA0-4E9B-A7E6-28259B1AE16F}.Debug|x86.ActiveCfg = Debug|Any CPU
		{D84AF32B-5DA0-4E9B-A7E6-28259B1AE16F}.Debug|x86.Build.0 = Debug|Any CPU
		{D84AF32B-5DA0-4E9B-A7E6-28259B1AE16F}.Release|Any CPU.ActiveCfg = Release|Any CPU
		{D84AF32B-5DA0-4E9B-A7E6-28259B1AE16F}.Release|Any CPU.Build.0 = Release|Any CPU
		{D84AF32B-5DA0-4E9B-A7E6-28259B1AE16F}.Release|x64.ActiveCfg = Release|Any CPU
		{D84AF32B-5DA0-4E9B-A7E6-28259B1AE16F}.Release|x64.Build.0 = Release|Any CPU
		{D84AF32B-5DA0-4E9B-A7E6-28259B1AE16F}.Release|x86.ActiveCfg = Release|Any CPU
		{D84AF32B-5DA0-4E9B-A7E6-28259B1AE16F}.Release|x86.Build.0 = Release|Any CPU
		{575AFA37-DC5C-4B03-9BDB-335B35D55765}.Debug|Any CPU.ActiveCfg = Debug|Any CPU
		{575AFA37-DC5C-4B03-9BDB-335B35D55765}.Debug|Any CPU.Build.0 = Debug|Any CPU
		{575AFA37-DC5C-4B03-9BDB-335B35D55765}.Debug|x64.ActiveCfg = Debug|Any CPU
		{575AFA37-DC5C-4B03-9BDB-335B35D55765}.Debug|x64.Build.0 = Debug|Any CPU
		{575AFA37-DC5C-4B03-9BDB-335B35D55765}.Debug|x86.ActiveCfg = Debug|Any CPU
		{575AFA37-DC5C-4B03-9BDB-335B35D55765}.Debug|x86.Build.0 = Debug|Any CPU
		{575AFA37-DC5C-4B03-9BDB-335B35D55765}.Release|Any CPU.ActiveCfg = Release|Any CPU
		{575AFA37-DC5C-4B03-9BDB-335B35D55765}.Release|Any CPU.Build.0 = Release|Any CPU
		{575AFA37-DC5C-4B03-9BDB-335B35D55765}.Release|x64.ActiveCfg = Release|Any CPU
		{575AFA37-DC5C-4B03-9BDB-335B35D55765}.Release|x64.Build.0 = Release|Any CPU
		{575AFA37-DC5C-4B03-9BDB-335B35D55765}.Release|x86.ActiveCfg = Release|Any CPU
		{575AFA37-DC5C-4B03-9BDB-335B35D55765}.Release|x86.Build.0 = Release|Any CPU
		{9682B81B-E824-4504-B974-AAE9D53CD163}.Debug|Any CPU.ActiveCfg = Debug|Any CPU
		{9682B81B-E824-4504-B974-AAE9D53CD163}.Debug|Any CPU.Build.0 = Debug|Any CPU
		{9682B81B-E824-4504-B974-AAE9D53CD163}.Debug|x64.ActiveCfg = Debug|Any CPU
		{9682B81B-E824-4504-B974-AAE9D53CD163}.Debug|x64.Build.0 = Debug|Any CPU
		{9682B81B-E824-4504-B974-AAE9D53CD163}.Debug|x86.ActiveCfg = Debug|Any CPU
		{9682B81B-E824-4504-B974-AAE9D53CD163}.Debug|x86.Build.0 = Debug|Any CPU
		{9682B81B-E824-4504-B974-AAE9D53CD163}.Release|Any CPU.ActiveCfg = Release|Any CPU
		{9682B81B-E824-4504-B974-AAE9D53CD163}.Release|Any CPU.Build.0 = Release|Any CPU
		{9682B81B-E824-4504-B974-AAE9D53CD163}.Release|x64.ActiveCfg = Release|Any CPU
		{9682B81B-E824-4504-B974-AAE9D53CD163}.Release|x64.Build.0 = Release|Any CPU
		{9682B81B-E824-4504-B974-AAE9D53CD163}.Release|x86.ActiveCfg = Release|Any CPU
		{9682B81B-E824-4504-B974-AAE9D53CD163}.Release|x86.Build.0 = Release|Any CPU
		{3AE65F50-D5A7-43C9-8793-7650E55C5D77}.Debug|Any CPU.ActiveCfg = Debug
		{3AE65F50-D5A7-43C9-8793-7650E55C5D77}.Debug|Any CPU.Build.0 = Debug
		{3AE65F50-D5A7-43C9-8793-7650E55C5D77}.Debug|x64.ActiveCfg = Debug
		{3AE65F50-D5A7-43C9-8793-7650E55C5D77}.Debug|x64.Build.0 = Debug
		{3AE65F50-D5A7-43C9-8793-7650E55C5D77}.Debug|x86.ActiveCfg = Debug
		{3AE65F50-D5A7-43C9-8793-7650E55C5D77}.Release|Any CPU.ActiveCfg = Release
		{3AE65F50-D5A7-43C9-8793-7650E55C5D77}.Release|Any CPU.Build.0 = Release
		{3AE65F50-D5A7-43C9-8793-7650E55C5D77}.Release|x64.ActiveCfg = Release
		{3AE65F50-D5A7-43C9-8793-7650E55C5D77}.Release|x64.Build.0 = Release
		{3AE65F50-D5A7-43C9-8793-7650E55C5D77}.Release|x86.ActiveCfg = Release
		{4766D9A4-EBC6-4941-8676-41A7E021C1C8}.Debug|Any CPU.ActiveCfg = Debug
		{4766D9A4-EBC6-4941-8676-41A7E021C1C8}.Debug|Any CPU.Build.0 = Debug
		{4766D9A4-EBC6-4941-8676-41A7E021C1C8}.Debug|x64.ActiveCfg = Debug
		{4766D9A4-EBC6-4941-8676-41A7E021C1C8}.Debug|x86.ActiveCfg = Debug
		{4766D9A4-EBC6-4941-8676-41A7E021C1C8}.Debug|x86.Build.0 = Debug
		{4766D9A4-EBC6-4941-8676-41A7E021C1C8}.Release|Any CPU.ActiveCfg = Release
		{4766D9A4-EBC6-4941-8676-41A7E021C1C8}.Release|Any CPU.Build.0 = Release
		{4766D9A4-EBC6-4941-8676-41A7E021C1C8}.Release|x64.ActiveCfg = Release
		{4766D9A4-EBC6-4941-8676-41A7E021C1C8}.Release|x64.Build.0 = Release
		{4766D9A4-EBC6-4941-8676-41A7E021C1C8}.Release|x86.ActiveCfg = Release
		{4766D9A4-EBC6-4941-8676-41A7E021C1C8}.Release|x86.Build.0 = Release
	EndGlobalSection
	GlobalSection(SolutionProperties) = preSolution
		HideSolutionNode = FALSE
	EndGlobalSection
EndGlobal
